// !$*UTF8*$!
{
	archiveVersion = 1;
	classes = {
	};
	objectVersion = 50;
	objects = {

/* Begin PBXBuildFile section */
		162217FA20EF8C6600067B2E /* AppDelegate.swift in Sources */ = {isa = PBXBuildFile; fileRef = 162217F920EF8C6600067B2E /* AppDelegate.swift */; };
		162217FC20EF8C6600067B2E /* ViewController.swift in Sources */ = {isa = PBXBuildFile; fileRef = 162217FB20EF8C6600067B2E /* ViewController.swift */; };
		162217FF20EF8C6600067B2E /* Main.storyboard in Resources */ = {isa = PBXBuildFile; fileRef = 162217FD20EF8C6600067B2E /* Main.storyboard */; };
		1622180120EF8C6700067B2E /* Assets.xcassets in Resources */ = {isa = PBXBuildFile; fileRef = 1622180020EF8C6700067B2E /* Assets.xcassets */; };
		1622180420EF8C6700067B2E /* LaunchScreen.storyboard in Resources */ = {isa = PBXBuildFile; fileRef = 1622180220EF8C6700067B2E /* LaunchScreen.storyboard */; };
		1622180F20EF8C6800067B2E /* HKDateManagerAppTests.swift in Sources */ = {isa = PBXBuildFile; fileRef = 1622180E20EF8C6800067B2E /* HKDateManagerAppTests.swift */; };
		1622181A20EF8C6800067B2E /* HKDateManagerAppUITests.swift in Sources */ = {isa = PBXBuildFile; fileRef = 1622181920EF8C6800067B2E /* HKDateManagerAppUITests.swift */; };
		1622182920EF8D3600067B2E /* DateManagerClass.swift in Sources */ = {isa = PBXBuildFile; fileRef = 1622182820EF8D3600067B2E /* DateManagerClass.swift */; };
/* End PBXBuildFile section */

/* Begin PBXContainerItemProxy section */
		1622180B20EF8C6800067B2E /* PBXContainerItemProxy */ = {
			isa = PBXContainerItemProxy;
			containerPortal = 162217EE20EF8C6600067B2E /* Project object */;
			proxyType = 1;
			remoteGlobalIDString = 162217F520EF8C6600067B2E;
			remoteInfo = HKDateManagerApp;
		};
		1622181620EF8C6800067B2E /* PBXContainerItemProxy */ = {
			isa = PBXContainerItemProxy;
			containerPortal = 162217EE20EF8C6600067B2E /* Project object */;
			proxyType = 1;
			remoteGlobalIDString = 162217F520EF8C6600067B2E;
			remoteInfo = HKDateManagerApp;
		};
/* End PBXContainerItemProxy section */

/* Begin PBXFileReference section */
		162217F620EF8C6600067B2E /* HKDateManagerApp.app */ = {isa = PBXFileReference; explicitFileType = wrapper.application; includeInIndex = 0; path = HKDateManagerApp.app; sourceTree = BUILT_PRODUCTS_DIR; };
		162217F920EF8C6600067B2E /* AppDelegate.swift */ = {isa = PBXFileReference; lastKnownFileType = sourcecode.swift; path = AppDelegate.swift; sourceTree = "<group>"; };
		162217FB20EF8C6600067B2E /* ViewController.swift */ = {isa = PBXFileReference; lastKnownFileType = sourcecode.swift; path = ViewController.swift; sourceTree = "<group>"; };
		162217FE20EF8C6600067B2E /* Base */ = {isa = PBXFileReference; lastKnownFileType = file.storyboard; name = Base; path = Base.lproj/Main.storyboard; sourceTree = "<group>"; };
		1622180020EF8C6700067B2E /* Assets.xcassets */ = {isa = PBXFileReference; lastKnownFileType = folder.assetcatalog; path = Assets.xcassets; sourceTree = "<group>"; };
		1622180320EF8C6700067B2E /* Base */ = {isa = PBXFileReference; lastKnownFileType = file.storyboard; name = Base; path = Base.lproj/LaunchScreen.storyboard; sourceTree = "<group>"; };
		1622180520EF8C6700067B2E /* Info.plist */ = {isa = PBXFileReference; lastKnownFileType = text.plist.xml; path = Info.plist; sourceTree = "<group>"; };
		1622180A20EF8C6800067B2E /* HKDateManagerAppTests.xctest */ = {isa = PBXFileReference; explicitFileType = wrapper.cfbundle; includeInIndex = 0; path = HKDateManagerAppTests.xctest; sourceTree = BUILT_PRODUCTS_DIR; };
		1622180E20EF8C6800067B2E /* HKDateManagerAppTests.swift */ = {isa = PBXFileReference; lastKnownFileType = sourcecode.swift; path = HKDateManagerAppTests.swift; sourceTree = "<group>"; };
		1622181020EF8C6800067B2E /* Info.plist */ = {isa = PBXFileReference; lastKnownFileType = text.plist.xml; path = Info.plist; sourceTree = "<group>"; };
		1622181520EF8C6800067B2E /* HKDateManagerAppUITests.xctest */ = {isa = PBXFileReference; explicitFileType = wrapper.cfbundle; includeInIndex = 0; path = HKDateManagerAppUITests.xctest; sourceTree = BUILT_PRODUCTS_DIR; };
		1622181920EF8C6800067B2E /* HKDateManagerAppUITests.swift */ = {isa = PBXFileReference; lastKnownFileType = sourcecode.swift; path = HKDateManagerAppUITests.swift; sourceTree = "<group>"; };
		1622181B20EF8C6800067B2E /* Info.plist */ = {isa = PBXFileReference; lastKnownFileType = text.plist.xml; path = Info.plist; sourceTree = "<group>"; };
		1622182820EF8D3600067B2E /* DateManagerClass.swift */ = {isa = PBXFileReference; fileEncoding = 4; lastKnownFileType = sourcecode.swift; path = DateManagerClass.swift; sourceTree = "<group>"; };
/* End PBXFileReference section */

/* Begin PBXFrameworksBuildPhase section */
		162217F320EF8C6600067B2E /* Frameworks */ = {
			isa = PBXFrameworksBuildPhase;
			buildActionMask = 2147483647;
			files = (
			);
			runOnlyForDeploymentPostprocessing = 0;
		};
		1622180720EF8C6800067B2E /* Frameworks */ = {
			isa = PBXFrameworksBuildPhase;
			buildActionMask = 2147483647;
			files = (
			);
			runOnlyForDeploymentPostprocessing = 0;
		};
		1622181220EF8C6800067B2E /* Frameworks */ = {
			isa = PBXFrameworksBuildPhase;
			buildActionMask = 2147483647;
			files = (
			);
			runOnlyForDeploymentPostprocessing = 0;
		};
/* End PBXFrameworksBuildPhase section */

/* Begin PBXGroup section */
		162217ED20EF8C6600067B2E = {
			isa = PBXGroup;
			children = (
				162217F820EF8C6600067B2E /* HKDateManagerApp */,
				1622180D20EF8C6800067B2E /* HKDateManagerAppTests */,
				1622181820EF8C6800067B2E /* HKDateManagerAppUITests */,
				162217F720EF8C6600067B2E /* Products */,
			);
			sourceTree = "<group>";
		};
		162217F720EF8C6600067B2E /* Products */ = {
			isa = PBXGroup;
			children = (
				162217F620EF8C6600067B2E /* HKDateManagerApp.app */,
				1622180A20EF8C6800067B2E /* HKDateManagerAppTests.xctest */,
				1622181520EF8C6800067B2E /* HKDateManagerAppUITests.xctest */,
			);
			name = Products;
			sourceTree = "<group>";
		};
		162217F820EF8C6600067B2E /* HKDateManagerApp */ = {
			isa = PBXGroup;
			children = (
				1622182720EF8CA800067B2E /* DateManagerClass */,
				162217F920EF8C6600067B2E /* AppDelegate.swift */,
				162217FB20EF8C6600067B2E /* ViewController.swift */,
				162217FD20EF8C6600067B2E /* Main.storyboard */,
				1622180020EF8C6700067B2E /* Assets.xcassets */,
				1622180220EF8C6700067B2E /* LaunchScreen.storyboard */,
				1622180520EF8C6700067B2E /* Info.plist */,
			);
			path = HKDateManagerApp;
			sourceTree = "<group>";
		};
		1622180D20EF8C6800067B2E /* HKDateManagerAppTests */ = {
			isa = PBXGroup;
			children = (
				1622180E20EF8C6800067B2E /* HKDateManagerAppTests.swift */,
				1622181020EF8C6800067B2E /* Info.plist */,
			);
			path = HKDateManagerAppTests;
			sourceTree = "<group>";
		};
		1622181820EF8C6800067B2E /* HKDateManagerAppUITests */ = {
			isa = PBXGroup;
			children = (
				1622181920EF8C6800067B2E /* HKDateManagerAppUITests.swift */,
				1622181B20EF8C6800067B2E /* Info.plist */,
			);
			path = HKDateManagerAppUITests;
			sourceTree = "<group>";
		};
		1622182720EF8CA800067B2E /* DateManagerClass */ = {
			isa = PBXGroup;
			children = (
				1622182820EF8D3600067B2E /* DateManagerClass.swift */,
			);
			path = DateManagerClass;
			sourceTree = "<group>";
		};
/* End PBXGroup section */

/* Begin PBXNativeTarget section */
		162217F520EF8C6600067B2E /* HKDateManagerApp */ = {
			isa = PBXNativeTarget;
			buildConfigurationList = 1622181E20EF8C6800067B2E /* Build configuration list for PBXNativeTarget "HKDateManagerApp" */;
			buildPhases = (
				162217F220EF8C6600067B2E /* Sources */,
				162217F320EF8C6600067B2E /* Frameworks */,
				162217F420EF8C6600067B2E /* Resources */,
			);
			buildRules = (
			);
			dependencies = (
			);
			name = HKDateManagerApp;
			productName = HKDateManagerApp;
			productReference = 162217F620EF8C6600067B2E /* HKDateManagerApp.app */;
			productType = "com.apple.product-type.application";
		};
		1622180920EF8C6800067B2E /* HKDateManagerAppTests */ = {
			isa = PBXNativeTarget;
			buildConfigurationList = 1622182120EF8C6800067B2E /* Build configuration list for PBXNativeTarget "HKDateManagerAppTests" */;
			buildPhases = (
				1622180620EF8C6800067B2E /* Sources */,
				1622180720EF8C6800067B2E /* Frameworks */,
				1622180820EF8C6800067B2E /* Resources */,
			);
			buildRules = (
			);
			dependencies = (
				1622180C20EF8C6800067B2E /* PBXTargetDependency */,
			);
			name = HKDateManagerAppTests;
			productName = HKDateManagerAppTests;
			productReference = 1622180A20EF8C6800067B2E /* HKDateManagerAppTests.xctest */;
			productType = "com.apple.product-type.bundle.unit-test";
		};
		1622181420EF8C6800067B2E /* HKDateManagerAppUITests */ = {
			isa = PBXNativeTarget;
			buildConfigurationList = 1622182420EF8C6800067B2E /* Build configuration list for PBXNativeTarget "HKDateManagerAppUITests" */;
			buildPhases = (
				1622181120EF8C6800067B2E /* Sources */,
				1622181220EF8C6800067B2E /* Frameworks */,
				1622181320EF8C6800067B2E /* Resources */,
			);
			buildRules = (
			);
			dependencies = (
				1622181720EF8C6800067B2E /* PBXTargetDependency */,
			);
			name = HKDateManagerAppUITests;
			productName = HKDateManagerAppUITests;
			productReference = 1622181520EF8C6800067B2E /* HKDateManagerAppUITests.xctest */;
			productType = "com.apple.product-type.bundle.ui-testing";
		};
/* End PBXNativeTarget section */

/* Begin PBXProject section */
		162217EE20EF8C6600067B2E /* Project object */ = {
			isa = PBXProject;
			attributes = {
				LastSwiftUpdateCheck = 0930;
				LastUpgradeCheck = 0930;
				ORGANIZATIONNAME = "Harish Kumar11";
				TargetAttributes = {
					162217F520EF8C6600067B2E = {
						CreatedOnToolsVersion = 9.3;
					};
					1622180920EF8C6800067B2E = {
						CreatedOnToolsVersion = 9.3;
						TestTargetID = 162217F520EF8C6600067B2E;
					};
					1622181420EF8C6800067B2E = {
						CreatedOnToolsVersion = 9.3;
						TestTargetID = 162217F520EF8C6600067B2E;
					};
				};
			};
			buildConfigurationList = 162217F120EF8C6600067B2E /* Build configuration list for PBXProject "HKDateManagerApp" */;
			compatibilityVersion = "Xcode 9.3";
			developmentRegion = en;
			hasScannedForEncodings = 0;
			knownRegions = (
				en,
				Base,
			);
			mainGroup = 162217ED20EF8C6600067B2E;
			productRefGroup = 162217F720EF8C6600067B2E /* Products */;
			projectDirPath = "";
			projectRoot = "";
			targets = (
				162217F520EF8C6600067B2E /* HKDateManagerApp */,
				1622180920EF8C6800067B2E /* HKDateManagerAppTests */,
				1622181420EF8C6800067B2E /* HKDateManagerAppUITests */,
			);
		};
/* End PBXProject section */

/* Begin PBXResourcesBuildPhase section */
		162217F420EF8C6600067B2E /* Resources */ = {
			isa = PBXResourcesBuildPhase;
			buildActionMask = 2147483647;
			files = (
				1622180420EF8C6700067B2E /* LaunchScreen.storyboard in Resources */,
				1622180120EF8C6700067B2E /* Assets.xcassets in Resources */,
				162217FF20EF8C6600067B2E /* Main.storyboard in Resources */,
			);
			runOnlyForDeploymentPostprocessing = 0;
		};
		1622180820EF8C6800067B2E /* Resources */ = {
			isa = PBXResourcesBuildPhase;
			buildActionMask = 2147483647;
			files = (
			);
			runOnlyForDeploymentPostprocessing = 0;
		};
		1622181320EF8C6800067B2E /* Resources */ = {
			isa = PBXResourcesBuildPhase;
			buildActionMask = 2147483647;
			files = (
			);
			runOnlyForDeploymentPostprocessing = 0;
		};
/* End PBXResourcesBuildPhase section */

/* Begin PBXSourcesBuildPhase section */
		162217F220EF8C6600067B2E /* Sources */ = {
			isa = PBXSourcesBuildPhase;
			buildActionMask = 2147483647;
			files = (
				162217FC20EF8C6600067B2E /* ViewController.swift in Sources */,
				1622182920EF8D3600067B2E /* DateManagerClass.swift in Sources */,
				162217FA20EF8C6600067B2E /* AppDelegate.swift in Sources */,
			);
			runOnlyForDeploymentPostprocessing = 0;
		};
		1622180620EF8C6800067B2E /* Sources */ = {
			isa = PBXSourcesBuildPhase;
			buildActionMask = 2147483647;
			files = (
				1622180F20EF8C6800067B2E /* HKDateManagerAppTests.swift in Sources */,
			);
			runOnlyForDeploymentPostprocessing = 0;
		};
		1622181120EF8C6800067B2E /* Sources */ = {
			isa = PBXSourcesBuildPhase;
			buildActionMask = 2147483647;
			files = (
				1622181A20EF8C6800067B2E /* HKDateManagerAppUITests.swift in Sources */,
			);
			runOnlyForDeploymentPostprocessing = 0;
		};
/* End PBXSourcesBuildPhase section */

/* Begin PBXTargetDependency section */
		1622180C20EF8C6800067B2E /* PBXTargetDependency */ = {
			isa = PBXTargetDependency;
			target = 162217F520EF8C6600067B2E /* HKDateManagerApp */;
			targetProxy = 1622180B20EF8C6800067B2E /* PBXContainerItemProxy */;
		};
		1622181720EF8C6800067B2E /* PBXTargetDependency */ = {
			isa = PBXTargetDependency;
			target = 162217F520EF8C6600067B2E /* HKDateManagerApp */;
			targetProxy = 1622181620EF8C6800067B2E /* PBXContainerItemProxy */;
		};
/* End PBXTargetDependency section */

/* Begin PBXVariantGroup section */
		162217FD20EF8C6600067B2E /* Main.storyboard */ = {
			isa = PBXVariantGroup;
			children = (
				162217FE20EF8C6600067B2E /* Base */,
			);
			name = Main.storyboard;
			sourceTree = "<group>";
		};
		1622180220EF8C6700067B2E /* LaunchScreen.storyboard */ = {
			isa = PBXVariantGroup;
			children = (
				1622180320EF8C6700067B2E /* Base */,
			);
			name = LaunchScreen.storyboard;
			sourceTree = "<group>";
		};
/* End PBXVariantGroup section */

/* Begin XCBuildConfiguration section */
		1622181C20EF8C6800067B2E /* Debug */ = {
			isa = XCBuildConfiguration;
			buildSettings = {
				ALWAYS_SEARCH_USER_PATHS = NO;
				CLANG_ANALYZER_NONNULL = YES;
				CLANG_ANALYZER_NUMBER_OBJECT_CONVERSION = YES_AGGRESSIVE;
				CLANG_CXX_LANGUAGE_STANDARD = "gnu++14";
				CLANG_CXX_LIBRARY = "libc++";
				CLANG_ENABLE_MODULES = YES;
				CLANG_ENABLE_OBJC_ARC = YES;
				CLANG_ENABLE_OBJC_WEAK = YES;
				CLANG_WARN_BLOCK_CAPTURE_AUTORELEASING = YES;
				CLANG_WARN_BOOL_CONVERSION = YES;
				CLANG_WARN_COMMA = YES;
				CLANG_WARN_CONSTANT_CONVERSION = YES;
				CLANG_WARN_DEPRECATED_OBJC_IMPLEMENTATIONS = YES;
				CLANG_WARN_DIRECT_OBJC_ISA_USAGE = YES_ERROR;
				CLANG_WARN_DOCUMENTATION_COMMENTS = YES;
				CLANG_WARN_EMPTY_BODY = YES;
				CLANG_WARN_ENUM_CONVERSION = YES;
				CLANG_WARN_INFINITE_RECURSION = YES;
				CLANG_WARN_INT_CONVERSION = YES;
				CLANG_WARN_NON_LITERAL_NULL_CONVERSION = YES;
				CLANG_WARN_OBJC_IMPLICIT_RETAIN_SELF = YES;
				CLANG_WARN_OBJC_LITERAL_CONVERSION = YES;
				CLANG_WARN_OBJC_ROOT_CLASS = YES_ERROR;
				CLANG_WARN_RANGE_LOOP_ANALYSIS = YES;
				CLANG_WARN_STRICT_PROTOTYPES = YES;
				CLANG_WARN_SUSPICIOUS_MOVE = YES;
				CLANG_WARN_UNGUARDED_AVAILABILITY = YES_AGGRESSIVE;
				CLANG_WARN_UNREACHABLE_CODE = YES;
				CLANG_WARN__DUPLICATE_METHOD_MATCH = YES;
				CODE_SIGN_IDENTITY = "iPhone Developer";
				COPY_PHASE_STRIP = NO;
				DEBUG_INFORMATION_FORMAT = dwarf;
				ENABLE_STRICT_OBJC_MSGSEND = YES;
				ENABLE_TESTABILITY = YES;
				GCC_C_LANGUAGE_STANDARD = gnu11;
				GCC_DYNAMIC_NO_PIC = NO;
				GCC_NO_COMMON_BLOCKS = YES;
				GCC_OPTIMIZATION_LEVEL = 0;
				GCC_PREPROCESSOR_DEFINITIONS = (
					"DEBUG=1",
					"$(inherited)",
				);
				GCC_WARN_64_TO_32_BIT_CONVERSION = YES;
				GCC_WARN_ABOUT_RETURN_TYPE = YES_ERROR;
				GCC_WARN_UNDECLARED_SELECTOR = YES;
				GCC_WARN_UNINITIALIZED_AUTOS = YES_AGGRESSIVE;
				GCC_WARN_UNUSED_FUNCTION = YES;
				GCC_WARN_UNUSED_VARIABLE = YES;
				IPHONEOS_DEPLOYMENT_TARGET = 11.3;
				MTL_ENABLE_DEBUG_INFO = YES;
				ONLY_ACTIVE_ARCH = YES;
				SDKROOT = iphoneos;
				SWIFT_ACTIVE_COMPILATION_CONDITIONS = DEBUG;
				SWIFT_OPTIMIZATION_LEVEL = "-Onone";
			};
			name = Debug;
		};
		1622181D20EF8C6800067B2E /* Release */ = {
			isa = XCBuildConfiguration;
			buildSettings = {
				ALWAYS_SEARCH_USER_PATHS = NO;
				CLANG_ANALYZER_NONNULL = YES;
				CLANG_ANALYZER_NUMBER_OBJECT_CONVERSION = YES_AGGRESSIVE;
				CLANG_CXX_LANGUAGE_STANDARD = "gnu++14";
				CLANG_CXX_LIBRARY = "libc++";
				CLANG_ENABLE_MODULES = YES;
				CLANG_ENABLE_OBJC_ARC = YES;
				CLANG_ENABLE_OBJC_WEAK = YES;
				CLANG_WARN_BLOCK_CAPTURE_AUTORELEASING = YES;
				CLANG_WARN_BOOL_CONVERSION = YES;
				CLANG_WARN_COMMA = YES;
				CLANG_WARN_CONSTANT_CONVERSION = YES;
				CLANG_WARN_DEPRECATED_OBJC_IMPLEMENTATIONS = YES;
				CLANG_WARN_DIRECT_OBJC_ISA_USAGE = YES_ERROR;
				CLANG_WARN_DOCUMENTATION_COMMENTS = YES;
				CLANG_WARN_EMPTY_BODY = YES;
				CLANG_WARN_ENUM_CONVERSION = YES;
				CLANG_WARN_INFINITE_RECURSION = YES;
				CLANG_WARN_INT_CONVERSION = YES;
				CLANG_WARN_NON_LITERAL_NULL_CONVERSION = YES;
				CLANG_WARN_OBJC_IMPLICIT_RETAIN_SELF = YES;
				CLANG_WARN_OBJC_LITERAL_CONVERSION = YES;
				CLANG_WARN_OBJC_ROOT_CLASS = YES_ERROR;
				CLANG_WARN_RANGE_LOOP_ANALYSIS = YES;
				CLANG_WARN_STRICT_PROTOTYPES = YES;
				CLANG_WARN_SUSPICIOUS_MOVE = YES;
				CLANG_WARN_UNGUARDED_AVAILABILITY = YES_AGGRESSIVE;
				CLANG_WARN_UNREACHABLE_CODE = YES;
				CLANG_WARN__DUPLICATE_METHOD_MATCH = YES;
				CODE_SIGN_IDENTITY = "iPhone Developer";
				COPY_PHASE_STRIP = NO;
				DEBUG_INFORMATION_FORMAT = "dwarf-with-dsym";
				ENABLE_NS_ASSERTIONS = NO;
				ENABLE_STRICT_OBJC_MSGSEND = YES;
				GCC_C_LANGUAGE_STANDARD = gnu11;
				GCC_NO_COMMON_BLOCKS = YES;
				GCC_WARN_64_TO_32_BIT_CONVERSION = YES;
				GCC_WARN_ABOUT_RETURN_TYPE = YES_ERROR;
				GCC_WARN_UNDECLARED_SELECTOR = YES;
				GCC_WARN_UNINITIALIZED_AUTOS = YES_AGGRESSIVE;
				GCC_WARN_UNUSED_FUNCTION = YES;
				GCC_WARN_UNUSED_VARIABLE = YES;
				IPHONEOS_DEPLOYMENT_TARGET = 11.3;
				MTL_ENABLE_DEBUG_INFO = NO;
				SDKROOT = iphoneos;
				SWIFT_COMPILATION_MODE = wholemodule;
				SWIFT_OPTIMIZATION_LEVEL = "-O";
				VALIDATE_PRODUCT = YES;
			};
			name = Release;
		};
		1622181F20EF8C6800067B2E /* Debug */ = {
			isa = XCBuildConfiguration;
			buildSettings = {
				ASSETCATALOG_COMPILER_APPICON_NAME = AppIcon;
				CODE_SIGN_STYLE = Automatic;
				INFOPLIST_FILE = HKDateManagerApp/Info.plist;
				LD_RUNPATH_SEARCH_PATHS = (
					"$(inherited)",
					"@executable_path/Frameworks",
				);
				PRODUCT_BUNDLE_IDENTIFIER = com.test.test.HKDateManagerApp;
				PRODUCT_NAME = "$(TARGET_NAME)";
				SWIFT_VERSION = 4.0;
				TARGETED_DEVICE_FAMILY = "1,2";
			};
			name = Debug;
		};
		1622182020EF8C6800067B2E /* Release */ = {
			isa = XCBuildConfiguration;
			buildSettings = {
				ASSETCATALOG_COMPILER_APPICON_NAME = AppIcon;
				CODE_SIGN_STYLE = Automatic;
				INFOPLIST_FILE = HKDateManagerApp/Info.plist;
				LD_RUNPATH_SEARCH_PATHS = (
					"$(inherited)",
					"@executable_path/Frameworks",
				);
				PRODUCT_BUNDLE_IDENTIFIER = com.test.test.HKDateManagerApp;
				PRODUCT_NAME = "$(TARGET_NAME)";
				SWIFT_VERSION = 4.0;
				TARGETED_DEVICE_FAMILY = "1,2";
			};
			name = Release;
		};
		1622182220EF8C6800067B2E /* Debug */ = {
			isa = XCBuildConfiguration;
			buildSettings = {
				ALWAYS_EMBED_SWIFT_STANDARD_LIBRARIES = YES;
				BUNDLE_LOADER = "$(TEST_HOST)";
				CODE_SIGN_STYLE = Automatic;
				INFOPLIST_FILE = HKDateManagerAppTests/Info.plist;
				LD_RUNPATH_SEARCH_PATHS = (
					"$(inherited)",
					"@executable_path/Frameworks",
					"@loader_path/Frameworks",
				);
				PRODUCT_BUNDLE_IDENTIFIER = com.test.test.HKDateManagerAppTests;
				PRODUCT_NAME = "$(TARGET_NAME)";
				SWIFT_VERSION = 4.0;
				TARGETED_DEVICE_FAMILY = "1,2";
				TEST_HOST = "$(BUILT_PRODUCTS_DIR)/HKDateManagerApp.app/HKDateManagerApp";
			};
			name = Debug;
		};
		1622182320EF8C6800067B2E /* Release */ = {
			isa = XCBuildConfiguration;
			buildSettings = {
				ALWAYS_EMBED_SWIFT_STANDARD_LIBRARIES = YES;
				BUNDLE_LOADER = "$(TEST_HOST)";
				CODE_SIGN_STYLE = Automatic;
				INFOPLIST_FILE = HKDateManagerAppTests/Info.plist;
				LD_RUNPATH_SEARCH_PATHS = (
					"$(inherited)",
					"@executable_path/Frameworks",
					"@loader_path/Frameworks",
				);
				PRODUCT_BUNDLE_IDENTIFIER = com.test.test.HKDateManagerAppTests;
				PRODUCT_NAME = "$(TARGET_NAME)";
				SWIFT_VERSION = 4.0;
				TARGETED_DEVICE_FAMILY = "1,2";
				TEST_HOST = "$(BUILT_PRODUCTS_DIR)/HKDateManagerApp.app/HKDateManagerApp";
			};
			name = Release;
		};
		1622182520EF8C6800067B2E /* Debug */ = {
			isa = XCBuildConfiguration;
			buildSettings = {
				ALWAYS_EMBED_SWIFT_STANDARD_LIBRARIES = YES;
				CODE_SIGN_STYLE = Automatic;
				INFOPLIST_FILE = HKDateManagerAppUITests/Info.plist;
				LD_RUNPATH_SEARCH_PATHS = (
					"$(inherited)",
					"@executable_path/Frameworks",
					"@loader_path/Frameworks",
				);
				PRODUCT_BUNDLE_IDENTIFIER = com.test.test.HKDateManagerAppUITests;
				PRODUCT_NAME = "$(TARGET_NAME)";
				SWIFT_VERSION = 4.0;
				TARGETED_DEVICE_FAMILY = "1,2";
				TEST_TARGET_NAME = HKDateManagerApp;
			};
			name = Debug;
		};
		1622182620EF8C6800067B2E /* Release */ = {
			isa = XCBuildConfiguration;
			buildSettings = {
				ALWAYS_EMBED_SWIFT_STANDARD_LIBRARIES = YES;
				CODE_SIGN_STYLE = Automatic;
				INFOPLIST_FILE = HKDateManagerAppUITests/Info.plist;
				LD_RUNPATH_SEARCH_PATHS = (
					"$(inherited)",
					"@executable_path/Frameworks",
					"@loader_path/Frameworks",
				);
				PRODUCT_BUNDLE_IDENTIFIER = com.test.test.HKDateManagerAppUITests;
				PRODUCT_NAME = "$(TARGET_NAME)";
				SWIFT_VERSION = 4.0;
				TARGETED_DEVICE_FAMILY = "1,2";
				TEST_TARGET_NAME = HKDateManagerApp;
			};
			name = Release;
		};
/* End XCBuildConfiguration section */

/* Begin XCConfigurationList section */
		162217F120EF8C6600067B2E /* Build configuration list for PBXProject "HKDateManagerApp" */ = {
			isa = XCConfigurationList;
			buildConfigurations = (
				1622181C20EF8C6800067B2E /* Debug */,
				1622181D20EF8C6800067B2E /* Release */,
			);
			defaultConfigurationIsVisible = 0;
			defaultConfigurationName = Release;
		};
		1622181E20EF8C6800067B2E /* Build configuration list for PBXNativeTarget "HKDateManagerApp" */ = {
			isa = XCConfigurationList;
			buildConfigurations = (
				1622181F20EF8C6800067B2E /* Debug */,
				1622182020EF8C6800067B2E /* Release */,
			);
			defaultConfigurationIsVisible = 0;
			defaultConfigurationName = Release;
		};
		1622182120EF8C6800067B2E /* Build configuration list for PBXNativeTarget "HKDateManagerAppTests" */ = {
			isa = XCConfigurationList;
			buildConfigurations = (
				1622182220EF8C6800067B2E /* Debug */,
				1622182320EF8C6800067B2E /* Release */,
			);
			defaultConfigurationIsVisible = 0;
			defaultConfigurationName = Release;
		};
		1622182420EF8C6800067B2E /* Build configuration list for PBXNativeTarget "HKDateManagerAppUITests" */ = {
			isa = XCConfigurationList;
			buildConfigurations = (
				1622182520EF8C6800067B2E /* Debug */,
				1622182620EF8C6800067B2E /* Release */,
			);
			defaultConfigurationIsVisible = 0;
			defaultConfigurationName = Release;
		};
/* End XCConfigurationList section */
	};
	rootObject = 162217EE20EF8C6600067B2E /* Project object */;
}
